
Microsoft Visual Studio Solution File, Format Version 12.00
# Visual Studio 15
VisualStudioVersion = 15.0.28307.572
MinimumVisualStudioVersion = 10.0.40219.1
Project("{FAE04EC0-301F-11D3-BF4B-00C04F79EFBC}") = "MusicBeta1", "MusicBeta1\MusicBeta1.csproj", "{DB442E85-3CB7-4CB5-8587-7E864C89AC9A}"
EndProject
Project("{FAE04EC0-301F-11D3-BF4B-00C04F79EFBC}") = "MusicBeta1.Tests", "MusicBeta1.Tests\MusicBeta1.Tests.csproj", "{558B5956-9E02-4FD1-8F8E-19A8BFC37628}"
EndProject
Global
	GlobalSection(SolutionConfigurationPlatforms) = preSolution
		Debug|Any CPU = Debug|Any CPU
		Release|Any CPU = Release|Any CPU
	EndGlobalSection
	GlobalSection(ProjectConfigurationPlatforms) = postSolution
		{DB442E85-3CB7-4CB5-8587-7E864C89AC9A}.Debug|Any CPU.ActiveCfg = Debug|Any CPU
		{DB442E85-3CB7-4CB5-8587-7E864C89AC9A}.Debug|Any CPU.Build.0 = Debug|Any CPU
		{DB442E85-3CB7-4CB5-8587-7E864C89AC9A}.Release|Any CPU.ActiveCfg = Release|Any CPU
		{DB442E85-3CB7-4CB5-8587-7E864C89AC9A}.Release|Any CPU.Build.0 = Release|Any CPU
		{558B5956-9E02-4FD1-8F8E-19A8BFC37628}.Debug|Any CPU.ActiveCfg = Debug|Any CPU
		{558B5956-9E02-4FD1-8F8E-19A8BFC37628}.Debug|Any CPU.Build.0 = Debug|Any CPU
		{558B5956-9E02-4FD1-8F8E-19A8BFC37628}.Release|Any CPU.ActiveCfg = Release|Any CPU
		{558B5956-9E02-4FD1-8F8E-19A8BFC37628}.Release|Any CPU.Build.0 = Release|Any CPU
	EndGlobalSection
	GlobalSection(SolutionProperties) = preSolution
		HideSolutionNode = FALSE
	EndGlobalSection
	GlobalSection(ExtensibilityGlobals) = postSolution
		SolutionGuid = {B28D21C5-5802-468B-BC58-293ACDB258B4}
	EndGlobalSection
EndGlobal
